
Microsoft Visual Studio Solution File, Format Version 12.00
# Visual Studio 15
VisualStudioVersion = 15.0.28010.2050
MinimumVisualStudioVersion = 10.0.40219.1
Project("{8BC9CEB8-8B4A-11D0-8D11-00A0C91BC942}") = "Box_stacking_dp", "Box_stacking_dp\Box_stacking_dp.vcxproj", "{EFF964BF-0030-4D6E-94D8-BCBA5DE087A8}"
EndProject
Global
	GlobalSection(SolutionConfigurationPlatforms) = preSolution
		Debug|x64 = Debug|x64
		Debug|x86 = Debug|x86
		Release|x64 = Release|x64
		Release|x86 = Release|x86
	EndGlobalSection
	GlobalSection(ProjectConfigurationPlatforms) = postSolution
		{EFF964BF-0030-4D6E-94D8-BCBA5DE087A8}.Debug|x64.ActiveCfg = Debug|x64
		{EFF964BF-0030-4D6E-94D8-BCBA5DE087A8}.Debug|x64.Build.0 = Debug|x64
		{EFF964BF-0030-4D6E-94D8-BCBA5DE087A8}.Debug|x86.ActiveCfg = Debug|Win32
		{EFF964BF-0030-4D6E-94D8-BCBA5DE087A8}.Debug|x86.Build.0 = Debug|Win32
		{EFF964BF-0030-4D6E-94D8-BCBA5DE087A8}.Release|x64.ActiveCfg = Release|x64
		{EFF964BF-0030-4D6E-94D8-BCBA5DE087A8}.Release|x64.Build.0 = Release|x64
		{EFF964BF-0030-4D6E-94D8-BCBA5DE087A8}.Release|x86.ActiveCfg = Release|Win32
		{EFF964BF-0030-4D6E-94D8-BCBA5DE087A8}.Release|x86.Build.0 = Release|Win32
	EndGlobalSection
	GlobalSection(SolutionProperties) = preSolution
		HideSolutionNode = FALSE
	EndGlobalSection
	GlobalSection(ExtensibilityGlobals) = postSolution
		SolutionGuid = {48F813C0-BBB3-47F4-B71B-3F230BFDD081}
	EndGlobalSection
EndGlobal
